{
  "name": "micin",
  "version": "1.0.0",
  "lockfileVersion": 1,
  "requires": true,
  "dependencies": {
    "@fortawesome/fontawesome-free-webfonts": {
      "version": "1.0.9",
      "resolved": "https://registry.npmjs.org/@fortawesome/fontawesome-free-webfonts/-/fontawesome-free-webfonts-1.0.9.tgz",
      "integrity": "sha512-nLgl6b6a+tXaoJJnSRw0hjN8cWM/Q5DhxKAwI9Xr0AiC43lQ2F98vQ1KLA6kw5OoYeAyisGGqmlwtBj0WqOI5Q=="
    },
    "object-assign": {
      "version": "4.1.1",
      "resolved": "https://registry.npmjs.org/object-assign/-/object-assign-4.1.1.tgz",
      "integrity": "sha1-IQmtx5ZYh8/AXLvUQsrIv7s2CGM="
    },
    "parallax-js": {
      "version": "3.1.0",
      "resolved": "https://registry.npmjs.org/parallax-js/-/parallax-js-3.1.0.tgz",
      "integrity": "sha512-UONoPKSQykeNvFcemDPxYYDU/T89LSffoaZAwOMhDp0ABhmFPwthgn2GrfB7An9Qo+8nPZIuQeZsh2pWn1qN3A==",
      "requires": {
        "object-assign": "4.1.1",
        "raf": "3.4.0"
      }
    },
    "performance-now": {
      "version": "2.1.0",
      "resolved": "https://registry.npmjs.org/performance-now/-/performance-now-2.1.0.tgz",
      "integrity": "sha1-Ywn04OX6kT7BxpMHrjZLSzd8nns="
    },
    "raf": {
      "version": "3.4.0",
      "resolved": "https://registry.npmjs.org/raf/-/raf-3.4.0.tgz",
      "integrity": "sha512-pDP/NMRAXoTfrhCfyfSEwJAKLaxBU9eApMeBPB1TkDouZmvPerIClV8lTAd+uF8ZiTaVl69e1FCxQrAd/VTjGw==",
      "requires": {
        "performance-now": "2.1.0"
      }
    },
    "vee-validate": {
      "version": "2.0.9",
      "resolved": "https://registry.npmjs.org/vee-validate/-/vee-validate-2.0.9.tgz",
      "integrity": "sha512-0qA3hrpF2jIBoEReWF8YkvG1ukJVS56+oyPTxOtb2OfB5d7iUuQiyboOOpXOvOViREHNXTsIcQ5XIQOMBff/wg=="
    }
  }
}
